
Microsoft Visual Studio Solution File, Format Version 12.00
# Visual Studio Version 17
VisualStudioVersion = 17.8.34408.163
MinimumVisualStudioVersion = 10.0.40219.1
Project("{FAE04EC0-301F-11D3-BF4B-00C04F79EFBC}") = "ExploradorWeb1", "ExploradorWeb1\ExploradorWeb1.csproj", "{C9AE90A2-5316-4CD1-B730-10B70544248E}"
EndProject
Global
	GlobalSection(SolutionConfigurationPlatforms) = preSolution
		Debug|Any CPU = Debug|Any CPU
		Release|Any CPU = Release|Any CPU
	EndGlobalSection
	GlobalSection(ProjectConfigurationPlatforms) = postSolution
		{C9AE90A2-5316-4CD1-B730-10B70544248E}.Debug|Any CPU.ActiveCfg = Debug|Any CPU
		{C9AE90A2-5316-4CD1-B730-10B70544248E}.Debug|Any CPU.Build.0 = Debug|Any CPU
		{C9AE90A2-5316-4CD1-B730-10B70544248E}.Release|Any CPU.ActiveCfg = Release|Any CPU
		{C9AE90A2-5316-4CD1-B730-10B70544248E}.Release|Any CPU.Build.0 = Release|Any CPU
	EndGlobalSection
	GlobalSection(SolutionProperties) = preSolution
		HideSolutionNode = FALSE
	EndGlobalSection
	GlobalSection(ExtensibilityGlobals) = postSolution
		SolutionGuid = {92F34F0F-C5A5-43F9-8264-0CE24FBE79B0}
	EndGlobalSection
EndGlobal
